
Microsoft Visual Studio Solution File, Format Version 12.00
# Visual Studio Version 17
VisualStudioVersion = 17.4.33122.133
MinimumVisualStudioVersion = 10.0.40219.1
Project("{FAE04EC0-301F-11D3-BF4B-00C04F79EFBC}") = "CqrsMediator", "CqrsMediator\CqrsMediator.csproj", "{736CA07E-9A2C-4206-BC5E-9B53474C6909}"
EndProject
Global
	GlobalSection(SolutionConfigurationPlatforms) = preSolution
		Debug|Any CPU = Debug|Any CPU
		Release|Any CPU = Release|Any CPU
	EndGlobalSection
	GlobalSection(ProjectConfigurationPlatforms) = postSolution
		{736CA07E-9A2C-4206-BC5E-9B53474C6909}.Debug|Any CPU.ActiveCfg = Debug|Any CPU
		{736CA07E-9A2C-4206-BC5E-9B53474C6909}.Debug|Any CPU.Build.0 = Debug|Any CPU
		{736CA07E-9A2C-4206-BC5E-9B53474C6909}.Release|Any CPU.ActiveCfg = Release|Any CPU
		{736CA07E-9A2C-4206-BC5E-9B53474C6909}.Release|Any CPU.Build.0 = Release|Any CPU
	EndGlobalSection
	GlobalSection(SolutionProperties) = preSolution
		HideSolutionNode = FALSE
	EndGlobalSection
	GlobalSection(ExtensibilityGlobals) = postSolution
		SolutionGuid = {7BA89E6B-EB57-4AF1-8F55-44279BE7371F}
	EndGlobalSection
EndGlobal
